Microsoft Visual Studio Solution File, Format Version 11.00
# Visual Studio 2008

Project("{9D455D99-CFE6-8843-068D-A48FFBDFF68B}") = "Zeltex", "Assembly-CSharp-firstpass-vs.csproj", "{59317CE5-1FD7-78DA-27E7-AD2A76B92C5D}"
EndProject
Project("{9D455D99-CFE6-8843-068D-A48FFBDFF68B}") = "Zeltex", "Assembly-CSharp-vs.csproj", "{B4A7816F-12C2-9640-EA39-DA1AB42D8847}"
EndProject
Project("{9D455D99-CFE6-8843-068D-A48FFBDFF68B}") = "Zeltex", "Assembly-CSharp-Editor-vs.csproj", "{8D434DDD-3D20-A606-38C1-FF01C289AB74}"
EndProject
Global
	GlobalSection(SolutionConfigurationPlatforms) = preSolution
		Debug|Any CPU = Debug|Any CPU
		Release|Any CPU = Release|Any CPU
	EndGlobalSection
	GlobalSection(ProjectConfigurationPlatforms) = postSolution
		{59317CE5-1FD7-78DA-27E7-AD2A76B92C5D}.Debug|Any CPU.ActiveCfg = Debug|Any CPU
		{59317CE5-1FD7-78DA-27E7-AD2A76B92C5D}.Debug|Any CPU.Build.0 = Debug|Any CPU
		{59317CE5-1FD7-78DA-27E7-AD2A76B92C5D}.Release|Any CPU.ActiveCfg = Release|Any CPU
		{59317CE5-1FD7-78DA-27E7-AD2A76B92C5D}.Release|Any CPU.Build.0 = Release|Any CPU
		{B4A7816F-12C2-9640-EA39-DA1AB42D8847}.Debug|Any CPU.ActiveCfg = Debug|Any CPU
		{B4A7816F-12C2-9640-EA39-DA1AB42D8847}.Debug|Any CPU.Build.0 = Debug|Any CPU
		{B4A7816F-12C2-9640-EA39-DA1AB42D8847}.Release|Any CPU.ActiveCfg = Release|Any CPU
		{B4A7816F-12C2-9640-EA39-DA1AB42D8847}.Release|Any CPU.Build.0 = Release|Any CPU
		{8D434DDD-3D20-A606-38C1-FF01C289AB74}.Debug|Any CPU.ActiveCfg = Debug|Any CPU
		{8D434DDD-3D20-A606-38C1-FF01C289AB74}.Debug|Any CPU.Build.0 = Debug|Any CPU
		{8D434DDD-3D20-A606-38C1-FF01C289AB74}.Release|Any CPU.ActiveCfg = Release|Any CPU
		{8D434DDD-3D20-A606-38C1-FF01C289AB74}.Release|Any CPU.Build.0 = Release|Any CPU
	EndGlobalSection
	GlobalSection(SolutionProperties) = preSolution
		HideSolutionNode = FALSE
	EndGlobalSection
																																																																																																																																																																												GlobalSection(MonoDevelopProperties) = preSolution
		StartupItem = Assembly-CSharp.csproj
		Policies = $0
		$0.TextStylePolicy = $1
		$1.inheritsSet = null
		$1.scope = text/x-csharp
		$0.CSharpFormattingPolicy = $2
		$2.inheritsSet = Mono
		$2.inheritsScope = text/x-csharp
		$2.scope = text/x-csharp
		$0.TextStylePolicy = $3
		$3.FileWidth = 120
		$3.TabWidth = 4
		$3.IndentWidth = 4
		$3.EolMarker = Unix
		$3.inheritsSet = Mono
		$3.inheritsScope = text/plain
		$3.scope = text/plain
	EndGlobalSection

EndGlobal
